schema: '2.0'
stages:
  schema:
    cmd: python -m boilercv.stages.schema
    deps:
    - path: src/boilercv/models
      md5: 2506655c2964bc23b40e53bc0cb94a50.dir
      size: 15808
      nfiles: 6
    - path: src/boilercv/stages/schema.py
      md5: 7d8efccd264f905deacc9c8ff797f605
      size: 744
    outs:
    - path: data/schema
      md5: fb051bf362a628fa0e60b057dc77845f.dir
      size: 2581
      nfiles: 1
