name: "lock"

on: ["workflow_dispatch"]

jobs:
  lock:
    strategy:
      matrix:
        github_actions_runner:
          # - "macos-12"
          - "ubuntu-22.04"
          # - "windows-2022"
        python_version:
          - "3.11"
          # - "3.12"
        cv_flavor:
          # - "opencv-python"
          # - "opencv-contrib-python"
          # - "opencv-python-headless"
          - "opencv-contrib-python-headless"
    runs-on: "${{ matrix.github_actions_runner }}"
    steps:
      - uses: "actions/checkout@b4ffde65f46336ab88eb53be808477a3936bae11" # v4.1.1
        with:
          submodules: True
      - uses: "actions/setup-python@0a5c61591373683505ea898e09a3ea4f39ef2b9c" # v5.0.0
        with:
          python-version: "${{ matrix.python_version }}"
      - run: "python -m pip install -r .tools/requirements/core.in"
      - run: "copier update --defaults --vcs-ref $(git rev-parse HEAD:submodules/template)"
      - run: "python .tools/scripts/core.py sync"
      - run: |
          python .tools/scripts/core.py lock \
            --runner ${{ matrix.github_actions_runner }} \
            --python-version ${{ matrix.python_version }} \
            --cv-flavor ${{ matrix.cv_flavor }} \
      - uses: "actions/upload-artifact@5d5d22a31266ced268874388b861e4b58bb5c2f3" #v4.3.1
        with:
          name: "requirements_${{ matrix.github_actions_runner }}_${{ matrix.python_version }}_${{ matrix.cv_flavor }}.txt"
          path: ".lock/*"
  commit:
    needs: ["lock"]
    runs-on: "ubuntu-22.04"
    steps:
      - uses: "actions/checkout@b4ffde65f46336ab88eb53be808477a3936bae11" # v4.1.1
        with:
          submodules: True
      - uses: actions/download-artifact@c850b930e6ba138125429b7e5c93fc707a7f8427 # v4.1.4
        with:
          path: ".lock"
          merge-multiple: True
      - uses: "actions/setup-python@0a5c61591373683505ea898e09a3ea4f39ef2b9c" # v5.0.0
        with:
          python-version: "3.11"
      - run: "python -m pip install -r .tools/requirements/core.in"
      - run: "copier update --defaults --vcs-ref $(git rev-parse HEAD:submodules/template)"
      - run: "python .tools/scripts/core.py sync"
      - run: "uv pip install --system --break-system-packages -r .lock/requirements_ubuntu-22.04_3.11_opencv-contrib-python-headless.txt"
      - uses: "stefanzweifel/git-auto-commit-action@v5.0.0"
        with:
          commit_message: "Lock requirements."
