name: "lock"

on: ["workflow_dispatch"]

jobs:
  lock:
    env:
      uv: "uv pip install --system --break-system-packages"
      req: "-r .tools/requirements"
    strategy:
      fail-fast: false
      matrix:
        github_actions_runner:
          # - "macos-12"
          - "ubuntu-22.04"
          # - "windows-2022"
        python_version:
          - "3.11"
          # - "3.12"
        cv_flavor:
          # - "opencv-python"
          # - "opencv-contrib-python"
          # - "opencv-python-headless"
          - "opencv-contrib-python-headless"
    runs-on: "${{ matrix.github_actions_runner }}"
    steps:
      - uses: "actions/checkout@b4ffde65f46336ab88eb53be808477a3936bae11" # v4.1.1
        with:
          submodules: True
      - uses: "actions/setup-python@0a5c61591373683505ea898e09a3ea4f39ef2b9c" # v5.0.0
        with:
          python-version: ${{ matrix.python_version }}
      - run: "python -m pip install ${{ env.req }}/core.in"
      - run: "copier update --defaults --vcs-ref $(git rev-parse HEAD:submodules/template)"
      - run: "python .tools/scripts/core.py sync"
      - run: |
          python .tools/scripts/core.py lock \
            --runner ${{ matrix.github_actions_runner }} \
            --python-version ${{ matrix.python_version }} \
            --cv-flavor ${{ matrix.cv_flavor }} \
